
Microsoft Visual Studio Solution File, Format Version 12.00
# Visual Studio 15
VisualStudioVersion = 15.0.28307.572
MinimumVisualStudioVersion = 10.0.40219.1
Project("{FAE04EC0-301F-11D3-BF4B-00C04F79EFBC}") = "MiningManager", "MiningManager\MiningManager.csproj", "{5138060D-BDC0-4799-BEB6-B5529008E48C}"
EndProject
Global
	GlobalSection(SolutionConfigurationPlatforms) = preSolution
		Debug|x64 = Debug|x64
	EndGlobalSection
	GlobalSection(ProjectConfigurationPlatforms) = postSolution
		{5138060D-BDC0-4799-BEB6-B5529008E48C}.Debug|x64.ActiveCfg = Debug|x64
		{5138060D-BDC0-4799-BEB6-B5529008E48C}.Debug|x64.Build.0 = Debug|x64
	EndGlobalSection
	GlobalSection(SolutionProperties) = preSolution
		HideSolutionNode = FALSE
	EndGlobalSection
	GlobalSection(ExtensibilityGlobals) = postSolution
		SolutionGuid = {076134A1-FAF9-48FA-8EED-439E7B02ACA3}
	EndGlobalSection
EndGlobal
